
Microsoft Visual Studio Solution File, Format Version 12.00
# Visual Studio Version 17
VisualStudioVersion = 17.14.36301.6 d17.14
MinimumVisualStudioVersion = 10.0.40219.1
Project("{FAE04EC0-301F-11D3-BF4B-00C04F79EFBC}") = "Pacman_Game", "Pacman_Game\Pacman_Game.csproj", "{9F212725-B91B-B64A-8CEC-80F8D03375B4}"
EndProject
Project("{FAE04EC0-301F-11D3-BF4B-00C04F79EFBC}") = "Pacman_Game.Desktop", "Pacman_Game.Desktop\Pacman_Game.Desktop.csproj", "{15A12BCE-607B-BD62-113D-C6FBE175E5B5}"
EndProject
Global
	GlobalSection(SolutionConfigurationPlatforms) = preSolution
		Debug|Any CPU = Debug|Any CPU
		Release|Any CPU = Release|Any CPU
	EndGlobalSection
	GlobalSection(ProjectConfigurationPlatforms) = postSolution
		{9F212725-B91B-B64A-8CEC-80F8D03375B4}.Debug|Any CPU.ActiveCfg = Debug|Any CPU
		{9F212725-B91B-B64A-8CEC-80F8D03375B4}.Debug|Any CPU.Build.0 = Debug|Any CPU
		{9F212725-B91B-B64A-8CEC-80F8D03375B4}.Release|Any CPU.ActiveCfg = Release|Any CPU
		{9F212725-B91B-B64A-8CEC-80F8D03375B4}.Release|Any CPU.Build.0 = Release|Any CPU
		{15A12BCE-607B-BD62-113D-C6FBE175E5B5}.Debug|Any CPU.ActiveCfg = Debug|Any CPU
		{15A12BCE-607B-BD62-113D-C6FBE175E5B5}.Debug|Any CPU.Build.0 = Debug|Any CPU
		{15A12BCE-607B-BD62-113D-C6FBE175E5B5}.Release|Any CPU.ActiveCfg = Release|Any CPU
		{15A12BCE-607B-BD62-113D-C6FBE175E5B5}.Release|Any CPU.Build.0 = Release|Any CPU
	EndGlobalSection
	GlobalSection(SolutionProperties) = preSolution
		HideSolutionNode = FALSE
	EndGlobalSection
	GlobalSection(ExtensibilityGlobals) = postSolution
		SolutionGuid = {F57704C2-C562-4EBF-9B6E-C5345F2BCD54}
	EndGlobalSection
EndGlobal
